
Microsoft Visual Studio Solution File, Format Version 12.00
# Visual Studio Version 16
VisualStudioVersion = 16.0.30611.23
MinimumVisualStudioVersion = 10.0.40219.1
Project("{FAE04EC0-301F-11D3-BF4B-00C04F79EFBC}") = "Chess", "Chess.csproj", "{F3E497B1-5911-4C4C-A7E7-5F1B01FD322B}"
EndProject
Global
	GlobalSection(SolutionConfigurationPlatforms) = preSolution
		Debug|Any CPU = Debug|Any CPU
		Release|Any CPU = Release|Any CPU
	EndGlobalSection
	GlobalSection(ProjectConfigurationPlatforms) = postSolution
		{F3E497B1-5911-4C4C-A7E7-5F1B01FD322B}.Debug|Any CPU.ActiveCfg = Debug|Any CPU
		{F3E497B1-5911-4C4C-A7E7-5F1B01FD322B}.Debug|Any CPU.Build.0 = Debug|Any CPU
		{F3E497B1-5911-4C4C-A7E7-5F1B01FD322B}.Release|Any CPU.ActiveCfg = Release|Any CPU
		{F3E497B1-5911-4C4C-A7E7-5F1B01FD322B}.Release|Any CPU.Build.0 = Release|Any CPU
	EndGlobalSection
	GlobalSection(SolutionProperties) = preSolution
		HideSolutionNode = FALSE
	EndGlobalSection
	GlobalSection(ExtensibilityGlobals) = postSolution
		SolutionGuid = {44D4FCFB-492B-4E11-AD44-8D0543235FCB}
	EndGlobalSection
EndGlobal
